
Microsoft Visual Studio Solution File, Format Version 12.00
# Visual Studio Version 17
VisualStudioVersion = 17.2.32516.85
MinimumVisualStudioVersion = 10.0.40219.1
Project("{FAE04EC0-301F-11D3-BF4B-00C04F79EFBC}") = "ConsoleAppDi", "ConsoleAppDi\ConsoleAppDi.csproj", "{99053331-7F53-4F94-A0DC-A69D47F08131}"
EndProject
Global
	GlobalSection(SolutionConfigurationPlatforms) = preSolution
		Debug|Any CPU = Debug|Any CPU
		Release|Any CPU = Release|Any CPU
	EndGlobalSection
	GlobalSection(ProjectConfigurationPlatforms) = postSolution
		{99053331-7F53-4F94-A0DC-A69D47F08131}.Debug|Any CPU.ActiveCfg = Debug|Any CPU
		{99053331-7F53-4F94-A0DC-A69D47F08131}.Debug|Any CPU.Build.0 = Debug|Any CPU
		{99053331-7F53-4F94-A0DC-A69D47F08131}.Release|Any CPU.ActiveCfg = Release|Any CPU
		{99053331-7F53-4F94-A0DC-A69D47F08131}.Release|Any CPU.Build.0 = Release|Any CPU
	EndGlobalSection
	GlobalSection(SolutionProperties) = preSolution
		HideSolutionNode = FALSE
	EndGlobalSection
	GlobalSection(ExtensibilityGlobals) = postSolution
		SolutionGuid = {7187B582-AA54-419D-9500-F6E531CF223A}
	EndGlobalSection
EndGlobal
